
Microsoft Visual Studio Solution File, Format Version 12.00
# Visual Studio Version 17
VisualStudioVersion = 17.2.32519.379
MinimumVisualStudioVersion = 10.0.40219.1
Project("{FAE04EC0-301F-11D3-BF4B-00C04F79EFBC}") = "Movies.API", "Movies.API\Movies.API.csproj", "{FEFAC3C2-713A-402F-9AA6-5C3973342E7E}"
EndProject
Project("{FAE04EC0-301F-11D3-BF4B-00C04F79EFBC}") = "IdentityServer", "IdentityServer\IdentityServer.csproj", "{712E104A-F48B-4E14-A38A-25290F42A4E9}"
EndProject
Project("{FAE04EC0-301F-11D3-BF4B-00C04F79EFBC}") = "Movies.Client", "Movies.Client\Movies.Client.csproj", "{D0470136-6E1E-4462-99C6-22100C49F01C}"
EndProject
Global
	GlobalSection(SolutionConfigurationPlatforms) = preSolution
		Debug|Any CPU = Debug|Any CPU
		Release|Any CPU = Release|Any CPU
	EndGlobalSection
	GlobalSection(ProjectConfigurationPlatforms) = postSolution
		{FEFAC3C2-713A-402F-9AA6-5C3973342E7E}.Debug|Any CPU.ActiveCfg = Debug|Any CPU
		{FEFAC3C2-713A-402F-9AA6-5C3973342E7E}.Debug|Any CPU.Build.0 = Debug|Any CPU
		{FEFAC3C2-713A-402F-9AA6-5C3973342E7E}.Release|Any CPU.ActiveCfg = Release|Any CPU
		{FEFAC3C2-713A-402F-9AA6-5C3973342E7E}.Release|Any CPU.Build.0 = Release|Any CPU
		{712E104A-F48B-4E14-A38A-25290F42A4E9}.Debug|Any CPU.ActiveCfg = Debug|Any CPU
		{712E104A-F48B-4E14-A38A-25290F42A4E9}.Debug|Any CPU.Build.0 = Debug|Any CPU
		{712E104A-F48B-4E14-A38A-25290F42A4E9}.Release|Any CPU.ActiveCfg = Release|Any CPU
		{712E104A-F48B-4E14-A38A-25290F42A4E9}.Release|Any CPU.Build.0 = Release|Any CPU
		{D0470136-6E1E-4462-99C6-22100C49F01C}.Debug|Any CPU.ActiveCfg = Debug|Any CPU
		{D0470136-6E1E-4462-99C6-22100C49F01C}.Debug|Any CPU.Build.0 = Debug|Any CPU
		{D0470136-6E1E-4462-99C6-22100C49F01C}.Release|Any CPU.ActiveCfg = Release|Any CPU
		{D0470136-6E1E-4462-99C6-22100C49F01C}.Release|Any CPU.Build.0 = Release|Any CPU
	EndGlobalSection
	GlobalSection(SolutionProperties) = preSolution
		HideSolutionNode = FALSE
	EndGlobalSection
	GlobalSection(ExtensibilityGlobals) = postSolution
		SolutionGuid = {6908DF21-64F1-4FC1-A4D6-626622318DD6}
	EndGlobalSection
EndGlobal
